
Microsoft Visual Studio Solution File, Format Version 12.00
# Visual Studio Version 17
VisualStudioVersion = 17.0.32014.148
MinimumVisualStudioVersion = 10.0.40219.1
Project("{FAE04EC0-301F-11D3-BF4B-00C04F79EFBC}") = "TopUpPulsaOOP", "TopUpPulsaOOP\TopUpPulsaOOP.csproj", "{8978D297-5615-4ED2-A7B1-F983BEF81546}"
EndProject
Global
	GlobalSection(SolutionConfigurationPlatforms) = preSolution
		Debug|Any CPU = Debug|Any CPU
		Release|Any CPU = Release|Any CPU
	EndGlobalSection
	GlobalSection(ProjectConfigurationPlatforms) = postSolution
		{8978D297-5615-4ED2-A7B1-F983BEF81546}.Debug|Any CPU.ActiveCfg = Debug|Any CPU
		{8978D297-5615-4ED2-A7B1-F983BEF81546}.Debug|Any CPU.Build.0 = Debug|Any CPU
		{8978D297-5615-4ED2-A7B1-F983BEF81546}.Release|Any CPU.ActiveCfg = Release|Any CPU
		{8978D297-5615-4ED2-A7B1-F983BEF81546}.Release|Any CPU.Build.0 = Release|Any CPU
	EndGlobalSection
	GlobalSection(SolutionProperties) = preSolution
		HideSolutionNode = FALSE
	EndGlobalSection
	GlobalSection(ExtensibilityGlobals) = postSolution
		SolutionGuid = {C678ED6B-CF46-433A-A2EC-3B6B915C35DD}
	EndGlobalSection
EndGlobal
